
Microsoft Visual Studio Solution File, Format Version 12.00
# Visual Studio 15
Project("{FAE04EC0-301F-11D3-BF4B-00C04F79EFBC}") = "Assembly-CSharp", "Assembly-CSharp.csproj", "{85CA49B6-172E-3B3A-3DD0-7035D38CD01E}"
EndProject
Project("{FAE04EC0-301F-11D3-BF4B-00C04F79EFBC}") = "Assembly-CSharp-firstpass", "Assembly-CSharp-firstpass.csproj", "{52C357C5-E7D0-C59F-6BDC-C047AF210CA5}"
EndProject
Project("{FAE04EC0-301F-11D3-BF4B-00C04F79EFBC}") = "Assembly-CSharp-Editor-firstpass", "Assembly-CSharp-Editor-firstpass.csproj", "{8DC937AD-0EB0-0DD4-D3A5-CFB55D38D8C0}"
EndProject
Global
	GlobalSection(SolutionConfigurationPlatforms) = preSolution
		Debug|Any CPU = Debug|Any CPU
		Release|Any CPU = Release|Any CPU
	EndGlobalSection
	GlobalSection(ProjectConfigurationPlatforms) = postSolution
		{85CA49B6-172E-3B3A-3DD0-7035D38CD01E}.Debug|Any CPU.ActiveCfg = Debug|Any CPU
		{85CA49B6-172E-3B3A-3DD0-7035D38CD01E}.Debug|Any CPU.Build.0 = Debug|Any CPU
		{85CA49B6-172E-3B3A-3DD0-7035D38CD01E}.Release|Any CPU.ActiveCfg = Release|Any CPU
		{85CA49B6-172E-3B3A-3DD0-7035D38CD01E}.Release|Any CPU.Build.0 = Release|Any CPU
		{52C357C5-E7D0-C59F-6BDC-C047AF210CA5}.Debug|Any CPU.ActiveCfg = Debug|Any CPU
		{52C357C5-E7D0-C59F-6BDC-C047AF210CA5}.Debug|Any CPU.Build.0 = Debug|Any CPU
		{52C357C5-E7D0-C59F-6BDC-C047AF210CA5}.Release|Any CPU.ActiveCfg = Release|Any CPU
		{52C357C5-E7D0-C59F-6BDC-C047AF210CA5}.Release|Any CPU.Build.0 = Release|Any CPU
		{8DC937AD-0EB0-0DD4-D3A5-CFB55D38D8C0}.Debug|Any CPU.ActiveCfg = Debug|Any CPU
		{8DC937AD-0EB0-0DD4-D3A5-CFB55D38D8C0}.Debug|Any CPU.Build.0 = Debug|Any CPU
		{8DC937AD-0EB0-0DD4-D3A5-CFB55D38D8C0}.Release|Any CPU.ActiveCfg = Release|Any CPU
		{8DC937AD-0EB0-0DD4-D3A5-CFB55D38D8C0}.Release|Any CPU.Build.0 = Release|Any CPU
	EndGlobalSection
	GlobalSection(SolutionProperties) = preSolution
		HideSolutionNode = FALSE
	EndGlobalSection
EndGlobal
